Microsoft Visual Studio Solution File, Format Version 12.00# Visual Studio 2012Project("{FAE04EC0-301F-11D3-BF4B-00C04F79EFBC}") = "Test1225.Entities", "Test1225.Entities\Test1225.Entities.csproj", "{DACD149C-221C-4034-847C-B92E44801B67}"EndProjectProject("{FAE04EC0-301F-11D3-BF4B-00C04F79EFBC}") = "Test1225.Daos.Interfaces", "Test1225.Daos.Interfaces\Test1225.Daos.Interfaces.csproj", "{6114CA39-8F7D-451C-B8CF-787F11ADCB36}"EndProjectProject("{FAE04EC0-301F-11D3-BF4B-00C04F79EFBC}") = "Test1225.Services.Interfaces", "Test1225.Services.Interfaces\Test1225.Services.Interfaces.csproj", "{E87FDC66-CFF4-43E7-B97A-EC49C648E9F6}"EndProjectProject("{FAE04EC0-301F-11D3-BF4B-00C04F79EFBC}") = "Test1225.Daos", "Test1225.Daos\Test1225.Daos.csproj", "{D369714F-7204-42DB-A105-2C1EC95923F6}"EndProjectProject("{FAE04EC0-301F-11D3-BF4B-00C04F79EFBC}") = "Test1225.Services", "Test1225.Services\Test1225.Services.csproj", "{3E37A7B9-057D-48D1-8B0E-39792CBED937}"EndProjectProject("{FAE04EC0-301F-11D3-BF4B-00C04F79EFBC}") = "Test1225.TestData", "Test1225.TestData\Test1225.TestData.csproj", "{8F8E008D-1486-4E5D-A996-B4C3D1097A35}"EndProjectProject("{FAE04EC0-301F-11D3-BF4B-00C04F79EFBC}") = "Test1225.Daos.Mocks", "Test1225.Daos.Mocks\Test1225.Daos.Mocks.csproj", "{CECEF74B-ED26-44BE-B34D-998E1DAE57E3}"EndProjectProject("{FAE04EC0-301F-11D3-BF4B-00C04F79EFBC}") = "Test1225.Daos.Tests", "Test1225.Daos.Tests\Test1225.Daos.Tests.csproj", "{5994B0FB-8D86-4DEC-A64E-00B08FCD1302}"EndProjectProject("{FAE04EC0-301F-11D3-BF4B-00C04F79EFBC}") = "Test1225.Services.Tests", "Test1225.Services.Tests\Test1225.Services.Tests.csproj", "{D1F2E67D-4B70-4BD0-A2D9-3287D39A7D44}"EndProjectProject("{FAE04EC0-301F-11D3-BF4B-00C04F79EFBC}") = "Test1225.Web", "Test1225.Web\Test1225.Web.csproj", "{D4A00679-3446-4EBA-BC67-4FD3B7D532E5}"EndProjectProject("{FAE04EC0-301F-11D3-BF4B-00C04F79EFBC}") = "Test1225.WebApi", "Test1225.WebApi\Test1225.WebApi.csproj", "{FE170142-79E4-4104-A090-DA5302E35DD1}"EndProjectGlobal	GlobalSection(SolutionConfigurationPlatforms) = preSolution		Debug|Any CPU = Debug|Any CPU		Release|Any CPU = Release|Any CPU	EndGlobalSection	GlobalSection(ProjectConfigurationPlatforms) = postSolution		{DACD149C-221C-4034-847C-B92E44801B67}.Debug|Any CPU.ActiveCfg = Debug|Any CPU		{DACD149C-221C-4034-847C-B92E44801B67}.Debug|Any CPU.Build.0 = Debug|Any CPU		{DACD149C-221C-4034-847C-B92E44801B67}.Release|Any CPU.ActiveCfg = Release|Any CPU		{DACD149C-221C-4034-847C-B92E44801B67}.Release|Any CPU.Build.0 = Release|Any CPU		{6114CA39-8F7D-451C-B8CF-787F11ADCB36}.Debug|Any CPU.ActiveCfg = Debug|Any CPU		{6114CA39-8F7D-451C-B8CF-787F11ADCB36}.Debug|Any CPU.Build.0 = Debug|Any CPU		{6114CA39-8F7D-451C-B8CF-787F11ADCB36}.Release|Any CPU.ActiveCfg = Release|Any CPU		{6114CA39-8F7D-451C-B8CF-787F11ADCB36}.Release|Any CPU.Build.0 = Release|Any CPU		{E87FDC66-CFF4-43E7-B97A-EC49C648E9F6}.Debug|Any CPU.ActiveCfg = Debug|Any CPU		{E87FDC66-CFF4-43E7-B97A-EC49C648E9F6}.Debug|Any CPU.Build.0 = Debug|Any CPU		{E87FDC66-CFF4-43E7-B97A-EC49C648E9F6}.Release|Any CPU.ActiveCfg = Release|Any CPU		{E87FDC66-CFF4-43E7-B97A-EC49C648E9F6}.Release|Any CPU.Build.0 = Release|Any CPU		{D369714F-7204-42DB-A105-2C1EC95923F6}.Debug|Any CPU.ActiveCfg = Debug|Any CPU		{D369714F-7204-42DB-A105-2C1EC95923F6}.Debug|Any CPU.Build.0 = Debug|Any CPU		{D369714F-7204-42DB-A105-2C1EC95923F6}.Release|Any CPU.ActiveCfg = Release|Any CPU		{D369714F-7204-42DB-A105-2C1EC95923F6}.Release|Any CPU.Build.0 = Release|Any CPU		{3E37A7B9-057D-48D1-8B0E-39792CBED937}.Debug|Any CPU.ActiveCfg = Debug|Any CPU		{3E37A7B9-057D-48D1-8B0E-39792CBED937}.Debug|Any CPU.Build.0 = Debug|Any CPU		{3E37A7B9-057D-48D1-8B0E-39792CBED937}.Release|Any CPU.ActiveCfg = Release|Any CPU		{3E37A7B9-057D-48D1-8B0E-39792CBED937}.Release|Any CPU.Build.0 = Release|Any CPU		{8F8E008D-1486-4E5D-A996-B4C3D1097A35}.Debug|Any CPU.ActiveCfg = Debug|Any CPU		{8F8E008D-1486-4E5D-A996-B4C3D1097A35}.Debug|Any CPU.Build.0 = Debug|Any CPU		{8F8E008D-1486-4E5D-A996-B4C3D1097A35}.Release|Any CPU.ActiveCfg = Release|Any CPU		{8F8E008D-1486-4E5D-A996-B4C3D1097A35}.Release|Any CPU.Build.0 = Release|Any CPU		{CECEF74B-ED26-44BE-B34D-998E1DAE57E3}.Debug|Any CPU.ActiveCfg = Debug|Any CPU		{CECEF74B-ED26-44BE-B34D-998E1DAE57E3}.Debug|Any CPU.Build.0 = Debug|Any CPU		{CECEF74B-ED26-44BE-B34D-998E1DAE57E3}.Release|Any CPU.ActiveCfg = Release|Any CPU		{CECEF74B-ED26-44BE-B34D-998E1DAE57E3}.Release|Any CPU.Build.0 = Release|Any CPU		{5994B0FB-8D86-4DEC-A64E-00B08FCD1302}.Debug|Any CPU.ActiveCfg = Debug|Any CPU		{5994B0FB-8D86-4DEC-A64E-00B08FCD1302}.Debug|Any CPU.Build.0 = Debug|Any CPU		{5994B0FB-8D86-4DEC-A64E-00B08FCD1302}.Release|Any CPU.ActiveCfg = Release|Any CPU		{5994B0FB-8D86-4DEC-A64E-00B08FCD1302}.Release|Any CPU.Build.0 = Release|Any CPU		{D1F2E67D-4B70-4BD0-A2D9-3287D39A7D44}.Debug|Any CPU.ActiveCfg = Debug|Any CPU		{D1F2E67D-4B70-4BD0-A2D9-3287D39A7D44}.Debug|Any CPU.Build.0 = Debug|Any CPU		{D1F2E67D-4B70-4BD0-A2D9-3287D39A7D44}.Release|Any CPU.ActiveCfg = Release|Any CPU		{D1F2E67D-4B70-4BD0-A2D9-3287D39A7D44}.Release|Any CPU.Build.0 = Release|Any CPU		{D4A00679-3446-4EBA-BC67-4FD3B7D532E5}.Debug|Any CPU.ActiveCfg = Debug|Any CPU		{D4A00679-3446-4EBA-BC67-4FD3B7D532E5}.Debug|Any CPU.Build.0 = Debug|Any CPU		{D4A00679-3446-4EBA-BC67-4FD3B7D532E5}.Release|Any CPU.ActiveCfg = Release|Any CPU		{D4A00679-3446-4EBA-BC67-4FD3B7D532E5}.Release|Any CPU.Build.0 = Release|Any CPU		{FE170142-79E4-4104-A090-DA5302E35DD1}.Debug|Any CPU.ActiveCfg = Debug|Any CPU		{FE170142-79E4-4104-A090-DA5302E35DD1}.Debug|Any CPU.Build.0 = Debug|Any CPU		{FE170142-79E4-4104-A090-DA5302E35DD1}.Release|Any CPU.ActiveCfg = Release|Any CPU		{FE170142-79E4-4104-A090-DA5302E35DD1}.Release|Any CPU.Build.0 = Release|Any CPU	EndGlobalSection
	GlobalSection(SolutionProperties) = preSolution		HideSolutionNode = FALSE	EndGlobalSectionEndGlobal